<?xml version="1.0" encoding="utf-8"?>
<Project ToolsVersion="4.0" xmlns="http://schemas.microsoft.com/developer/msbuild/2003">
  <ItemGroup>
    <Filter Include="Source Files">
      <UniqueIdentifier>{4FC737F1-C7A5-4376-A066-2A32D752A2FF}</UniqueIdentifier>
      <Extensions>cpp;c;cc;cxx;c++;cppm;ixx;def;odl;idl;hpj;bat;asm;asmx</Extensions>
    </Filter>
    <Filter Include="Header Files">
      <UniqueIdentifier>{93995380-89BD-4b04-88EB-625FBE52EBFB}</UniqueIdentifier>
      <Extensions>h;hh;hpp;hxx;h++;hm;inl;inc;ipp;xsd</Extensions>
    </Filter>
    <Filter Include="Resource Files">
      <UniqueIdentifier>{67DA6AB6-F800-4c08-8B7A-83BB121AAD01}</UniqueIdentifier>
      <Extensions>rc;ico;cur;bmp;dlg;rc2;rct;bin;rgs;gif;jpg;jpeg;jpe;resx;tiff;tif;png;wav;mfcribbon-ms</Extensions>
    </Filter>
  </ItemGroup>
  <ItemGroup>
    <ClCompile Include="src\main.cpp">
      <Filter>Source Files</Filter>
    </ClCompile>
    <ClCompile Include="src\Game.cpp">
      <Filter>Source Files</Filter>
    </ClCompile>
    <ClCompile Include="src\Utils\TextureManager.cpp">
      <Filter>Source Files</Filter>
    </ClCompile>
    <ClCompile Include="src\Entities\Player.cpp">
      <Filter>Source Files</Filter>
    </ClCompile>
    <ClCompile Include="src\Entities\GameObject.cpp">
      <Filter>Source Files</Filter>
    </ClCompile>
    <ClCompile Include="src\Entities\Enemy.cpp">
      <Filter>Source Files</Filter>
    </ClCompile>
    <ClCompile Include="src\Entities\SDLGameObject.cpp">
      <Filter>Source Files</Filter>
    </ClCompile>
    <ClCompile Include="src\Utils\Vector2D.cpp">
      <Filter>Source Files</Filter>
    </ClCompile>
    <ClCompile Include="src\Utils\LoaderParams.cpp">
      <Filter>Source Files</Filter>
    </ClCompile>
    <ClCompile Include="src\Utils\InputHandler.cpp">
      <Filter>Source Files</Filter>
    </ClCompile>
    <ClCompile Include="src\GameStates\MenuState.cpp">
      <Filter>Source Files</Filter>
    </ClCompile>
    <ClCompile Include="src\GameStates\PlayState.cpp">
      <Filter>Source Files</Filter>
    </ClCompile>
    <ClCompile Include="src\GameStates\GameStateMachine.cpp">
      <Filter>Source Files</Filter>
    </ClCompile>
    <ClCompile Include="src\Entities\MenuButton.cpp">
      <Filter>Source Files</Filter>
    </ClCompile>
    <ClCompile Include="src\GameStates\PauseState.cpp">
      <Filter>Source Files</Filter>
    </ClCompile>
    <ClCompile Include="src\Entities\AnimatedGraphic.cpp">
      <Filter>Source Files</Filter>
    </ClCompile>
    <ClCompile Include="src\GameStates\GameOverState.cpp">
      <Filter>Source Files</Filter>
    </ClCompile>
  </ItemGroup>
  <ItemGroup>
    <ClInclude Include="include\Game.h">
      <Filter>Header Files</Filter>
    </ClInclude>
    <ClInclude Include="include\UtilsHeaders\TextureManager.h">
      <Filter>Header Files</Filter>
    </ClInclude>
    <ClInclude Include="include\EntitiesHeaders\GameObject.h">
      <Filter>Header Files</Filter>
    </ClInclude>
    <ClInclude Include="include\EntitiesHeaders\Player.h">
      <Filter>Header Files</Filter>
    </ClInclude>
    <ClInclude Include="include\EntitiesHeaders\Enemy.h">
      <Filter>Header Files</Filter>
    </ClInclude>
    <ClInclude Include="include\UtilsHeaders\LoaderParams.h">
      <Filter>Header Files</Filter>
    </ClInclude>
    <ClInclude Include="include\EntitiesHeaders\SDLGameObject.h">
      <Filter>Header Files</Filter>
    </ClInclude>
    <ClInclude Include="include\UtilsHeaders\Vector2D.h">
      <Filter>Header Files</Filter>
    </ClInclude>
    <ClInclude Include="include\UtilsHeaders\InputHandler.h">
      <Filter>Header Files</Filter>
    </ClInclude>
    <ClInclude Include="include\GameStateHeaders\GameState.h">
      <Filter>Header Files</Filter>
    </ClInclude>
    <ClInclude Include="include\GameStateHeaders\MenuState.h">
      <Filter>Header Files</Filter>
    </ClInclude>
    <ClInclude Include="include\GameStateHeaders\PlayState.h">
      <Filter>Header Files</Filter>
    </ClInclude>
    <ClInclude Include="include\GameStateHeaders\GameStateMachine.h">
      <Filter>Header Files</Filter>
    </ClInclude>
    <ClInclude Include="include\EntitiesHeaders\MenuButton.h">
      <Filter>Header Files</Filter>
    </ClInclude>
    <ClInclude Include="include\GameStateHeaders\PauseState.h">
      <Filter>Header Files</Filter>
    </ClInclude>
    <ClInclude Include="include\EntitiesHeaders\AnimatedGraphic.h">
      <Filter>Header Files</Filter>
    </ClInclude>
    <ClInclude Include="include\GameStateHeaders\GameOverState.h">
      <Filter>Header Files</Filter>
    </ClInclude>
  </ItemGroup>
</Project>