<?xml version="1.0" encoding="utf-8"?>
<Project ToolsVersion="4.0" xmlns="http://schemas.microsoft.com/developer/msbuild/2003">
  <ItemGroup>
    <Filter Include="Source Files">
      <UniqueIdentifier>{4FC737F1-C7A5-4376-A066-2A32D752A2FF}</UniqueIdentifier>
      <Extensions>cpp;c;cc;cxx;c++;cppm;ixx;def;odl;idl;hpj;bat;asm;asmx</Extensions>
    </Filter>
    <Filter Include="Header Files">
      <UniqueIdentifier>{93995380-89BD-4b04-88EB-625FBE52EBFB}</UniqueIdentifier>
      <Extensions>h;hh;hpp;hxx;h++;hm;inl;inc;ipp;xsd</Extensions>
    </Filter>
    <Filter Include="Resource Files">
      <UniqueIdentifier>{67DA6AB6-F800-4c08-8B7A-83BB121AAD01}</UniqueIdentifier>
      <Extensions>rc;ico;cur;bmp;dlg;rc2;rct;bin;rgs;gif;jpg;jpeg;jpe;resx;tiff;tif;png;wav;mfcribbon-ms</Extensions>
    </Filter>
  </ItemGroup>
  <ItemGroup>
    <ClCompile Include="src\main.cpp">
      <Filter>Source Files</Filter>
    </ClCompile>
    <ClCompile Include="src\Game.cpp">
      <Filter>Source Files</Filter>
    </ClCompile>
    <ClCompile Include="src\Utils\TextureManager.cpp">
      <Filter>Source Files</Filter>
    </ClCompile>
    <ClCompile Include="src\Entities\GameObject.cpp">
      <Filter>Source Files</Filter>
    </ClCompile>
    <ClCompile Include="src\Entities\Enemy.cpp">
      <Filter>Source Files</Filter>
    </ClCompile>
    <ClCompile Include="src\Entities\SDLGameObject.cpp">
      <Filter>Source Files</Filter>
    </ClCompile>
    <ClCompile Include="src\Utils\Vector2D.cpp">
      <Filter>Source Files</Filter>
    </ClCompile>
    <ClCompile Include="src\Utils\InputHandler.cpp">
      <Filter>Source Files</Filter>
    </ClCompile>
    <ClCompile Include="src\GameStates\MainMenuState.cpp">
      <Filter>Source Files</Filter>
    </ClCompile>
    <ClCompile Include="src\GameStates\PlayState.cpp">
      <Filter>Source Files</Filter>
    </ClCompile>
    <ClCompile Include="src\Utils\GameStateMachine.cpp">
      <Filter>Source Files</Filter>
    </ClCompile>
    <ClCompile Include="src\Entities\MenuButton.cpp">
      <Filter>Source Files</Filter>
    </ClCompile>
    <ClCompile Include="src\GameStates\PauseState.cpp">
      <Filter>Source Files</Filter>
    </ClCompile>
    <ClCompile Include="src\Entities\AnimatedGraphic.cpp">
      <Filter>Source Files</Filter>
    </ClCompile>
    <ClCompile Include="src\GameStates\GameOverState.cpp">
      <Filter>Source Files</Filter>
    </ClCompile>
    <ClCompile Include="src\Utils\tinystr.cpp">
      <Filter>Source Files</Filter>
    </ClCompile>
    <ClCompile Include="src\Utils\tinyxml.cpp">
      <Filter>Source Files</Filter>
    </ClCompile>
    <ClCompile Include="src\Utils\tinyxmlerror.cpp">
      <Filter>Source Files</Filter>
    </ClCompile>
    <ClCompile Include="src\Utils\tinyxmlparser.cpp">
      <Filter>Source Files</Filter>
    </ClCompile>
    <ClCompile Include="src\Utils\GameObjectFactory.cpp">
      <Filter>Source Files</Filter>
    </ClCompile>
    <ClCompile Include="src\Utils\StateParser.cpp">
      <Filter>Source Files</Filter>
    </ClCompile>
    <ClCompile Include="src\Map\Level.cpp">
      <Filter>Source Files</Filter>
    </ClCompile>
    <ClCompile Include="src\Map\TileLayer.cpp">
      <Filter>Source Files</Filter>
    </ClCompile>
    <ClCompile Include="src\Map\LevelParser.cpp">
      <Filter>Source Files</Filter>
    </ClCompile>
    <ClCompile Include="src\Utils\base64.cpp">
      <Filter>Source Files</Filter>
    </ClCompile>
    <ClCompile Include="src\Map\ObjectLayer.cpp">
      <Filter>Source Files</Filter>
    </ClCompile>
    <ClCompile Include="src\Wave\WaveManager.cpp">
      <Filter>Source Files</Filter>
    </ClCompile>
    <ClCompile Include="src\Wave\WaveParser.cpp">
      <Filter>Source Files</Filter>
    </ClCompile>
    <ClCompile Include="src\Wave\Wave.cpp">
      <Filter>Source Files</Filter>
    </ClCompile>
    <ClCompile Include="src\Utils\Timer.cpp">
      <Filter>Source Files</Filter>
    </ClCompile>
    <ClCompile Include="src\Utils\LoaderParams.cpp">
      <Filter>Source Files</Filter>
    </ClCompile>
    <ClCompile Include="src\Entities\Button.cpp">
      <Filter>Source Files</Filter>
    </ClCompile>
    <ClCompile Include="src\Entities\TowerButton.cpp">
      <Filter>Source Files</Filter>
    </ClCompile>
    <ClCompile Include="src\EventHandlers\ClickToPlaceTowerHandler.cpp">
      <Filter>Source Files</Filter>
    </ClCompile>
    <ClCompile Include="src\Utils\TowerFactory.cpp">
      <Filter>Source Files</Filter>
    </ClCompile>
    <ClCompile Include="src\Entities\Tower.cpp">
      <Filter>Source Files</Filter>
    </ClCompile>
    <ClCompile Include="src\Entities\Projectile.cpp">
      <Filter>Source Files</Filter>
    </ClCompile>
    <ClCompile Include="src\Utils\ProjectileManager.cpp">
      <Filter>Source Files</Filter>
    </ClCompile>
    <ClCompile Include="src\Entities\TowerUpgradedButton.cpp">
      <Filter>Source Files</Filter>
    </ClCompile>
    <ClCompile Include="src\UI\PlayStateUI\TowerUpgradePanel.cpp">
      <Filter>Source Files</Filter>
    </ClCompile>
    <ClCompile Include="src\UI\Common\InteractivePanel.cpp">
      <Filter>Source Files</Filter>
    </ClCompile>
    <ClCompile Include="src\UI\PlayStateUI\PlayStateUI.cpp">
      <Filter>Source Files</Filter>
    </ClCompile>
    <ClCompile Include="src\EventHandlers\TowerUpgradeHandlers.cpp">
      <Filter>Source Files</Filter>
    </ClCompile>
    <ClCompile Include="src\UI\Common\StateUI.cpp">
      <Filter>Source Files</Filter>
    </ClCompile>
    <ClCompile Include="src\UI\PlayStateUI\TowersPanel.cpp">
      <Filter>Source Files</Filter>
    </ClCompile>
    <ClCompile Include="src\EventHandlers\SelectOnClickEventHandler.cpp">
      <Filter>Source Files</Filter>
    </ClCompile>
    <ClCompile Include="src\Managers\PurchaseManager.cpp">
      <Filter>Source Files</Filter>
    </ClCompile>
    <ClCompile Include="src\Utils\TrueTypeManager.cpp">
      <Filter>Source Files</Filter>
    </ClCompile>
    <ClCompile Include="src\Entities\SelectedTowerButton.cpp">
      <Filter>Source Files</Filter>
    </ClCompile>
    <ClCompile Include="src\Entities\SellTowerButton.cpp">
      <Filter>Source Files</Filter>
    </ClCompile>
    <ClCompile Include="src\Entities\Text.cpp">
      <Filter>Source Files</Filter>
    </ClCompile>
    <ClCompile Include="src\EventHandlers\SellTowerHandler.cpp">
      <Filter>Source Files</Filter>
    </ClCompile>
    <ClCompile Include="src\Managers\SellManager.cpp">
      <Filter>Source Files</Filter>
    </ClCompile>
    <ClCompile Include="src\Utils\PanelFactory.cpp">
      <Filter>Source Files</Filter>
    </ClCompile>
    <ClCompile Include="src\Entities\FreezeTower.cpp">
      <Filter>Source Files</Filter>
    </ClCompile>
    <ClCompile Include="src\Entities\Texture.cpp">
      <Filter>Source Files</Filter>
    </ClCompile>
    <ClCompile Include="src\Managers\CollisionManager.cpp">
      <Filter>Source Files</Filter>
    </ClCompile>
    <ClCompile Include="src\Utils\TextFormatter.cpp">
      <Filter>Source Files</Filter>
    </ClCompile>
    <ClCompile Include="src\UI\GameOverUI\GameOverStatePanel.cpp">
      <Filter>Source Files</Filter>
    </ClCompile>
    <ClCompile Include="src\UI\GameOverUI\GameOverStateUI.cpp">
      <Filter>Source Files</Filter>
    </ClCompile>
    <ClCompile Include="src\UI\PauseStateUI\PauseStatePanel.cpp">
      <Filter>Source Files</Filter>
    </ClCompile>
    <ClCompile Include="src\UI\PauseStateUI\PauseStateUI.cpp">
      <Filter>Source Files</Filter>
    </ClCompile>
    <ClCompile Include="src\UI\MainMenuUI\MainMenuPanel.cpp">
      <Filter>Source Files</Filter>
    </ClCompile>
    <ClCompile Include="src\UI\PlayStateUI\TipsPanel.cpp">
      <Filter>Source Files</Filter>
    </ClCompile>
    <ClCompile Include="src\UI\MainMenuUI\MapsPanel.cpp">
      <Filter>Source Files</Filter>
    </ClCompile>
    <ClCompile Include="src\Entities\MapMenuButton.cpp">
      <Filter>Source Files</Filter>
    </ClCompile>
    <ClCompile Include="src\GameStates\VictoryState.cpp">
      <Filter>Source Files</Filter>
    </ClCompile>
    <ClCompile Include="src\UI\VictoryStateUI\VictoryStateUI.cpp">
      <Filter>Source Files</Filter>
    </ClCompile>
    <ClCompile Include="src\UI\VictoryStateUI\VictoryStatePanel.cpp">
      <Filter>Source Files</Filter>
    </ClCompile>
    <ClCompile Include="src\Data\RJM_SQLite_Handlers\RJM_SQLite_Resultset.cpp">
      <Filter>Source Files</Filter>
    </ClCompile>
    <ClCompile Include="src\Data\RJM_SQLite_Handlers\RJMFTime.cpp">
      <Filter>Source Files</Filter>
    </ClCompile>
    <ClCompile Include="src\Data\UserProgressDBContext.cpp">
      <Filter>Source Files</Filter>
    </ClCompile>
    <ClCompile Include="src\Data\Repositories\GameProgressRepository.cpp">
      <Filter>Source Files</Filter>
    </ClCompile>
    <ClCompile Include="src\Data\Repositories\MapsRepository.cpp">
      <Filter>Source Files</Filter>
    </ClCompile>
    <ClCompile Include="src\Data\Repositories\MapsProgressRepository.cpp">
      <Filter>Source Files</Filter>
    </ClCompile>
    <ClCompile Include="src\Data\ProgressManager.cpp">
      <Filter>Source Files</Filter>
    </ClCompile>
    <ClCompile Include="src\Data\Repositories\Repository.cpp">
      <Filter>Source Files</Filter>
    </ClCompile>
    <ClCompile Include="src\Data\UserProgressDBContextSeeder.cpp">
      <Filter>Source Files</Filter>
    </ClCompile>
    <ClCompile Include="src\UI\MainMenuUI\DeleteProgressConfirmationPanel.cpp">
      <Filter>Source Files</Filter>
    </ClCompile>
    <ClCompile Include="src\Managers\LevelManager.cpp">
      <Filter>Source Files</Filter>
    </ClCompile>
    <ClCompile Include="src\Data\Repositories\TowerUnlocksRepository.cpp">
      <Filter>Source Files</Filter>
    </ClCompile>
    <ClCompile Include="src\Managers\TowerUnlockManager.cpp">
      <Filter>Source Files</Filter>
    </ClCompile>
    <ClCompile Include="src\GameStates\LevelUpState.cpp">
      <Filter>Source Files</Filter>
    </ClCompile>
    <ClCompile Include="src\GameStates\GameState.cpp">
      <Filter>Source Files</Filter>
    </ClCompile>
    <ClCompile Include="src\UI\LevelUpStateUI\LevelUpPanel.cpp">
      <Filter>Source Files</Filter>
    </ClCompile>
    <ClCompile Include="src\UI\LevelUpStateUI\LevelUpStateUI.cpp">
      <Filter>Source Files</Filter>
    </ClCompile>
    <ClCompile Include="src\UI\MainMenuUI\MapDifficultyPanel.cpp">
      <Filter>Source Files</Filter>
    </ClCompile>
    <ClCompile Include="src\Entities\DifficultyButton.cpp">
      <Filter>Source Files</Filter>
    </ClCompile>
    <ClCompile Include="src\Managers\DifficultyManager.cpp">
      <Filter>Source Files</Filter>
    </ClCompile>
  </ItemGroup>
  <ItemGroup>
    <ClInclude Include="include\Game.h">
      <Filter>Header Files</Filter>
    </ClInclude>
    <ClInclude Include="include\UtilsHeaders\TextureManager.h">
      <Filter>Header Files</Filter>
    </ClInclude>
    <ClInclude Include="include\EntitiesHeaders\GameObject.h">
      <Filter>Header Files</Filter>
    </ClInclude>
    <ClInclude Include="include\EntitiesHeaders\Enemy.h">
      <Filter>Header Files</Filter>
    </ClInclude>
    <ClInclude Include="include\UtilsHeaders\LoaderParams.h">
      <Filter>Header Files</Filter>
    </ClInclude>
    <ClInclude Include="include\EntitiesHeaders\SDLGameObject.h">
      <Filter>Header Files</Filter>
    </ClInclude>
    <ClInclude Include="include\UtilsHeaders\Vector2D.h">
      <Filter>Header Files</Filter>
    </ClInclude>
    <ClInclude Include="include\UtilsHeaders\InputHandler.h">
      <Filter>Header Files</Filter>
    </ClInclude>
    <ClInclude Include="include\GameStateHeaders\GameState.h">
      <Filter>Header Files</Filter>
    </ClInclude>
    <ClInclude Include="include\GameStateHeaders\MainMenuState.h">
      <Filter>Header Files</Filter>
    </ClInclude>
    <ClInclude Include="include\GameStateHeaders\PlayState.h">
      <Filter>Header Files</Filter>
    </ClInclude>
    <ClInclude Include="include\UtilsHeaders\GameStateMachine.h">
      <Filter>Header Files</Filter>
    </ClInclude>
    <ClInclude Include="include\EntitiesHeaders\MenuButton.h">
      <Filter>Header Files</Filter>
    </ClInclude>
    <ClInclude Include="include\GameStateHeaders\PauseState.h">
      <Filter>Header Files</Filter>
    </ClInclude>
    <ClInclude Include="include\EntitiesHeaders\AnimatedGraphic.h">
      <Filter>Header Files</Filter>
    </ClInclude>
    <ClInclude Include="include\GameStateHeaders\GameOverState.h">
      <Filter>Header Files</Filter>
    </ClInclude>
    <ClInclude Include="include\UtilsHeaders\tinystr.h">
      <Filter>Header Files</Filter>
    </ClInclude>
    <ClInclude Include="include\UtilsHeaders\tinyxml.h">
      <Filter>Header Files</Filter>
    </ClInclude>
    <ClInclude Include="include\UtilsHeaders\GameObjectFactory.h">
      <Filter>Header Files</Filter>
    </ClInclude>
    <ClInclude Include="include\UtilsHeaders\BaseCreator.h">
      <Filter>Header Files</Filter>
    </ClInclude>
    <ClInclude Include="include\UtilsHeaders\StateParser.h">
      <Filter>Header Files</Filter>
    </ClInclude>
    <ClInclude Include="include\MapHeaders\Level.h">
      <Filter>Header Files</Filter>
    </ClInclude>
    <ClInclude Include="include\MapHeaders\Tileset.h">
      <Filter>Header Files</Filter>
    </ClInclude>
    <ClInclude Include="include\MapHeaders\Layer.h">
      <Filter>Header Files</Filter>
    </ClInclude>
    <ClInclude Include="include\MapHeaders\TileLayer.h">
      <Filter>Header Files</Filter>
    </ClInclude>
    <ClInclude Include="include\MapHeaders\LevelParser.h">
      <Filter>Header Files</Filter>
    </ClInclude>
    <ClInclude Include="include\UtilsHeaders\base64.h">
      <Filter>Header Files</Filter>
    </ClInclude>
    <ClInclude Include="include\MapHeaders\ObjectLayer.h">
      <Filter>Header Files</Filter>
    </ClInclude>
    <ClInclude Include="include\WaveHeaders\WaveManager.h">
      <Filter>Header Files</Filter>
    </ClInclude>
    <ClInclude Include="include\WaveHeaders\Wave.h">
      <Filter>Header Files</Filter>
    </ClInclude>
    <ClInclude Include="include\UtilsHeaders\Timer.h">
      <Filter>Header Files</Filter>
    </ClInclude>
    <ClInclude Include="include\UtilsHeaders\NLJsonParser.h">
      <Filter>Header Files</Filter>
    </ClInclude>
    <ClInclude Include="include\WaveHeaders\WaveParser.h">
      <Filter>Header Files</Filter>
    </ClInclude>
    <ClInclude Include="include\Constants\WaveConstans.h">
      <Filter>Header Files</Filter>
    </ClInclude>
    <ClInclude Include="include\UtilsHeaders\GameObjectData.h">
      <Filter>Header Files</Filter>
    </ClInclude>
    <ClInclude Include="include\Constants\LoaderParamsConsts.h">
      <Filter>Header Files</Filter>
    </ClInclude>
    <ClInclude Include="include\Constants\GameObjectConsts.h">
      <Filter>Header Files</Filter>
    </ClInclude>
    <ClInclude Include="include\Constants\SettingsConsts.h">
      <Filter>Header Files</Filter>
    </ClInclude>
    <ClInclude Include="include\EntitiesHeaders\TowerButton.h">
      <Filter>Header Files</Filter>
    </ClInclude>
    <ClInclude Include="include\EntitiesHeaders\Button.h">
      <Filter>Header Files</Filter>
    </ClInclude>
    <ClInclude Include="include\EventHandlersHeaders\ClickToPlaceTowerHandler.h">
      <Filter>Header Files</Filter>
    </ClInclude>
    <ClInclude Include="include\EventHandlersHeaders\BaseButtonHandler.h">
      <Filter>Header Files</Filter>
    </ClInclude>
    <ClInclude Include="include\UtilsHeaders\TowerFactory.h">
      <Filter>Header Files</Filter>
    </ClInclude>
    <ClInclude Include="include\Constants\ColorsConsts.h">
      <Filter>Header Files</Filter>
    </ClInclude>
    <ClInclude Include="include\EntitiesHeaders\Tower.h">
      <Filter>Header Files</Filter>
    </ClInclude>
    <ClInclude Include="include\EntitiesHeaders\Projectile.h">
      <Filter>Header Files</Filter>
    </ClInclude>
    <ClInclude Include="include\UtilsHeaders\ProjectileManager.h">
      <Filter>Header Files</Filter>
    </ClInclude>
    <ClInclude Include="include\EntitiesHeaders\TowerUpgradedButton.h">
      <Filter>Header Files</Filter>
    </ClInclude>
    <ClInclude Include="include\UIHeaders\PlayStateUIHeaders\TowerUpgradePanel.h">
      <Filter>Header Files</Filter>
    </ClInclude>
    <ClInclude Include="include\UIHeaders\CommonHeaders\Panel.h">
      <Filter>Header Files</Filter>
    </ClInclude>
    <ClInclude Include="include\UIHeaders\CommonHeaders\InteractivePanel.h">
      <Filter>Header Files</Filter>
    </ClInclude>
    <ClInclude Include="include\UIHeaders\PlayStateUIHeaders\PlayStateUI.h">
      <Filter>Header Files</Filter>
    </ClInclude>
    <ClInclude Include="include\UIHeaders\CommonHeaders\StateUI.h">
      <Filter>Header Files</Filter>
    </ClInclude>
    <ClInclude Include="include\EventHandlersHeaders\TowerUpgradeHandlers.h">
      <Filter>Header Files</Filter>
    </ClInclude>
    <ClInclude Include="include\UIHeaders\PlayStateUIHeaders\TowersPanel.h">
      <Filter>Header Files</Filter>
    </ClInclude>
    <ClInclude Include="include\EventHandlersHeaders\SelectOnClickEventHandler.h">
      <Filter>Header Files</Filter>
    </ClInclude>
    <ClInclude Include="include\DataHeaders\GameSessionData.h">
      <Filter>Header Files</Filter>
    </ClInclude>
    <ClInclude Include="include\ManagersHeaders\PurchaseManager.h">
      <Filter>Header Files</Filter>
    </ClInclude>
    <ClInclude Include="include\UtilsHeaders\TrueTypeManager.h">
      <Filter>Header Files</Filter>
    </ClInclude>
    <ClInclude Include="include\EntitiesHeaders\SelectedTowerButton.h">
      <Filter>Header Files</Filter>
    </ClInclude>
    <ClInclude Include="include\EntitiesHeaders\SellTowerButton.h">
      <Filter>Header Files</Filter>
    </ClInclude>
    <ClInclude Include="include\EntitiesHeaders\Text.h">
      <Filter>Header Files</Filter>
    </ClInclude>
    <ClInclude Include="include\EventHandlersHeaders\SellTowerHandler.h">
      <Filter>Header Files</Filter>
    </ClInclude>
    <ClInclude Include="include\ManagersHeaders\SellManager.h">
      <Filter>Header Files</Filter>
    </ClInclude>
    <ClInclude Include="include\UIHeaders\CommonHeaders\PanelCreator.h">
      <Filter>Header Files</Filter>
    </ClInclude>
    <ClInclude Include="include\UtilsHeaders\BaseFactory.h">
      <Filter>Header Files</Filter>
    </ClInclude>
    <ClInclude Include="include\UtilsHeaders\Creator.h">
      <Filter>Header Files</Filter>
    </ClInclude>
    <ClInclude Include="include\UtilsHeaders\PanelFactory.h">
      <Filter>Header Files</Filter>
    </ClInclude>
    <ClInclude Include="include\EntitiesHeaders\FreezeTower.h">
      <Filter>Header Files</Filter>
    </ClInclude>
    <ClInclude Include="include\EntitiesHeaders\Texture.h">
      <Filter>Header Files</Filter>
    </ClInclude>
    <ClInclude Include="include\Constants\UIConsts.h">
      <Filter>Header Files</Filter>
    </ClInclude>
    <ClInclude Include="include\ManagersHeaders\CollisionManager.h">
      <Filter>Header Files</Filter>
    </ClInclude>
    <ClInclude Include="include\UtilsHeaders\TextFormatter.h">
      <Filter>Header Files</Filter>
    </ClInclude>
    <ClInclude Include="include\UIHeaders\GameOverUIHeaders\GameOverStatePanel.h">
      <Filter>Header Files</Filter>
    </ClInclude>
    <ClInclude Include="include\UIHeaders\GameOverUIHeaders\GameOverStateUI.h">
      <Filter>Header Files</Filter>
    </ClInclude>
    <ClInclude Include="include\UIHeaders\PauseStateUIHeaders\PauseStatePanel.h">
      <Filter>Header Files</Filter>
    </ClInclude>
    <ClInclude Include="include\UIHeaders\PauseStateUIHeaders\PauseStateUI.h">
      <Filter>Header Files</Filter>
    </ClInclude>
    <ClInclude Include="include\UIHeaders\MainMenuUIHeaders\MainMenuStateUI.h">
      <Filter>Header Files</Filter>
    </ClInclude>
    <ClInclude Include="include\UIHeaders\MainMenuUIHeaders\MainMenuPanel.h">
      <Filter>Header Files</Filter>
    </ClInclude>
    <ClInclude Include="include\UIHeaders\PlayStateUIHeaders\TipsPanel.h">
      <Filter>Header Files</Filter>
    </ClInclude>
    <ClInclude Include="include\UIHeaders\MainMenuUIHeaders\MapsPanel.h">
      <Filter>Header Files</Filter>
    </ClInclude>
    <ClInclude Include="include\EntitiesHeaders\MapMenuButton.h">
      <Filter>Header Files</Filter>
    </ClInclude>
    <ClInclude Include="include\GameStateHeaders\VictoryState.h">
      <Filter>Header Files</Filter>
    </ClInclude>
    <ClInclude Include="include\UIHeaders\VictoryStateUIHeaders\VictoryStateUI.h">
      <Filter>Header Files</Filter>
    </ClInclude>
    <ClInclude Include="include\UIHeaders\VictoryStateUIHeaders\VictoryStatePanel.h">
      <Filter>Header Files</Filter>
    </ClInclude>
    <ClInclude Include="include\DataHeaders\DTOsHeaders\GameProgressDTO.h">
      <Filter>Header Files</Filter>
    </ClInclude>
    <ClInclude Include="include\DataHeaders\DTOsHeaders\MapsProgressDTO.h">
      <Filter>Header Files</Filter>
    </ClInclude>
    <ClInclude Include="include\DataHeaders\RJM_SQLite_HandlersHeaders\RJM_SQLite_Resultset.h">
      <Filter>Header Files</Filter>
    </ClInclude>
    <ClInclude Include="include\DataHeaders\RJM_SQLite_HandlersHeaders\RJMFTime.h">
      <Filter>Header Files</Filter>
    </ClInclude>
    <ClInclude Include="include\DataHeaders\RJM_SQLite_HandlersHeaders\Glob_Defs.h">
      <Filter>Header Files</Filter>
    </ClInclude>
    <ClInclude Include="include\DataHeaders\UserProgressDBContext.h">
      <Filter>Header Files</Filter>
    </ClInclude>
    <ClInclude Include="include\DataHeaders\RepositoriesHeaders\GameProgressRepository.h">
      <Filter>Header Files</Filter>
    </ClInclude>
    <ClInclude Include="include\DataHeaders\RepositoriesHeaders\MapsRepository.h">
      <Filter>Header Files</Filter>
    </ClInclude>
    <ClInclude Include="include\DataHeaders\RepositoriesHeaders\MapsProgressRepository.h">
      <Filter>Header Files</Filter>
    </ClInclude>
    <ClInclude Include="include\DataHeaders\ProgressManager.h">
      <Filter>Header Files</Filter>
    </ClInclude>
    <ClInclude Include="include\DataHeaders\RepositoriesHeaders\Repository.h">
      <Filter>Header Files</Filter>
    </ClInclude>
    <ClInclude Include="include\DataHeaders\UserProgressDBContextSeeder.h">
      <Filter>Header Files</Filter>
    </ClInclude>
    <ClInclude Include="include\UIHeaders\MainMenuUIHeaders\DeleteProgressConfirmationPanel.h">
      <Filter>Header Files</Filter>
    </ClInclude>
    <ClInclude Include="include\ManagersHeaders\LevelManager.h">
      <Filter>Header Files</Filter>
    </ClInclude>
    <ClInclude Include="include\DataHeaders\DTOsHeaders\TowerUnlocksDTO.h">
      <Filter>Header Files</Filter>
    </ClInclude>
    <ClInclude Include="include\DataHeaders\RepositoriesHeaders\TowerUnlocksRepository.h">
      <Filter>Header Files</Filter>
    </ClInclude>
    <ClInclude Include="include\ManagersHeaders\TowerUnlockManager.h">
      <Filter>Header Files</Filter>
    </ClInclude>
    <ClInclude Include="include\GameStateHeaders\LevelUpState.h">
      <Filter>Header Files</Filter>
    </ClInclude>
    <ClInclude Include="include\UIHeaders\LevelUpUIHeaders\LevelUpStateUI.h">
      <Filter>Header Files</Filter>
    </ClInclude>
    <ClInclude Include="include\UIHeaders\LevelUpUIHeaders\LevelUpPanel.h">
      <Filter>Header Files</Filter>
    </ClInclude>
    <ClInclude Include="include\UIHeaders\MainMenuUIHeaders\MapDifficultyPanel.h">
      <Filter>Header Files</Filter>
    </ClInclude>
    <ClInclude Include="include\EntitiesHeaders\DifficultyButton.h">
      <Filter>Header Files</Filter>
    </ClInclude>
    <ClInclude Include="include\ManagersHeaders\DifficultyManager.h">
      <Filter>Header Files</Filter>
    </ClInclude>
  </ItemGroup>
  <ItemGroup>
    <Xml Include="src\test.xml" />
  </ItemGroup>
  <ItemGroup>
    <None Include="src\res\enemyObjectData.json" />
    <None Include="src\res\waves.json" />
    <None Include="src\res\towerObjectData.json" />
    <None Include="src\res\projectilesData.json" />
    <None Include="src\res\towerUpgradesData.json" />
  </ItemGroup>
  <ItemGroup>
    <Font Include="src\fonts\LuckiestGuy-Regular.ttf" />
  </ItemGroup>
</Project>